
Microsoft Visual Studio Solution File, Format Version 12.00
# Visual Studio Version 17
VisualStudioVersion = 17.11.35303.130
MinimumVisualStudioVersion = 10.0.40219.1
Project("{FAE04EC0-301F-11D3-BF4B-00C04F79EFBC}") = "WinFormsAppKadroMuhendisligi", "WinFormsAppKadroMuhendisligi\WinFormsAppKadroMuhendisligi.csproj", "{74F46E71-8514-4001-B7B4-04BB0ABCD5CC}"
EndProject
Global
	GlobalSection(SolutionConfigurationPlatforms) = preSolution
		Debug|Any CPU = Debug|Any CPU
		Release|Any CPU = Release|Any CPU
	EndGlobalSection
	GlobalSection(ProjectConfigurationPlatforms) = postSolution
		{74F46E71-8514-4001-B7B4-04BB0ABCD5CC}.Debug|Any CPU.ActiveCfg = Debug|Any CPU
		{74F46E71-8514-4001-B7B4-04BB0ABCD5CC}.Debug|Any CPU.Build.0 = Debug|Any CPU
		{74F46E71-8514-4001-B7B4-04BB0ABCD5CC}.Release|Any CPU.ActiveCfg = Release|Any CPU
		{74F46E71-8514-4001-B7B4-04BB0ABCD5CC}.Release|Any CPU.Build.0 = Release|Any CPU
	EndGlobalSection
	GlobalSection(SolutionProperties) = preSolution
		HideSolutionNode = FALSE
	EndGlobalSection
	GlobalSection(ExtensibilityGlobals) = postSolution
		SolutionGuid = {12E3B9FB-DD8F-45C8-AFEB-F2E9D0A067E1}
	EndGlobalSection
EndGlobal
